// !$*UTF8*$!
{
	archiveVersion = 1;
	classes = {
	};
	objectVersion = 46;
	objects = {

/* Begin PBXBuildFile section */
		3B9F5EF3218D7ECA87BE011F /* Pods_TestTests.framework in Frameworks */ = {isa = PBXBuildFile; fileRef = 4575DFCFA2A9DE6312EC593B /* Pods_TestTests.framework */; };
		40EE59C61D4AD86A00D63D32 /* AppDelegate.swift in Sources */ = {isa = PBXBuildFile; fileRef = 40EE59C51D4AD86A00D63D32 /* AppDelegate.swift */; };
		40EE59CB1D4AD86A00D63D32 /* Main.storyboard in Resources */ = {isa = PBXBuildFile; fileRef = 40EE59C91D4AD86A00D63D32 /* Main.storyboard */; };
		40EE59CE1D4AD86A00D63D32 /* Test.xcdatamodeld in Sources */ = {isa = PBXBuildFile; fileRef = 40EE59CC1D4AD86A00D63D32 /* Test.xcdatamodeld */; };
		40EE59D01D4AD86A00D63D32 /* Assets.xcassets in Resources */ = {isa = PBXBuildFile; fileRef = 40EE59CF1D4AD86A00D63D32 /* Assets.xcassets */; };
		40EE59D31D4AD86A00D63D32 /* LaunchScreen.storyboard in Resources */ = {isa = PBXBuildFile; fileRef = 40EE59D11D4AD86A00D63D32 /* LaunchScreen.storyboard */; };
		40EE59DE1D4AD86A00D63D32 /* TestTests.swift in Sources */ = {isa = PBXBuildFile; fileRef = 40EE59DD1D4AD86A00D63D32 /* TestTests.swift */; };
		40EE59EF1D4AD9A900D63D32 /* Fabric.framework in Frameworks */ = {isa = PBXBuildFile; fileRef = 40EE59ED1D4AD9A900D63D32 /* Fabric.framework */; };
		40EE59F01D4AD9A900D63D32 /* Crashlytics.framework in Frameworks */ = {isa = PBXBuildFile; fileRef = 40EE59EE1D4AD9A900D63D32 /* Crashlytics.framework */; };
		40EE59F81D4ADD4D00D63D32 /* TwitterKit.framework in Frameworks */ = {isa = PBXBuildFile; fileRef = 40EE59F51D4ADD4D00D63D32 /* TwitterKit.framework */; };
		40EE59F91D4ADD4D00D63D32 /* TwitterKitResources.bundle in Resources */ = {isa = PBXBuildFile; fileRef = 40EE59F61D4ADD4D00D63D32 /* TwitterKitResources.bundle */; };
		40EE59FA1D4ADD4D00D63D32 /* TwitterCore.framework in Frameworks */ = {isa = PBXBuildFile; fileRef = 40EE59F71D4ADD4D00D63D32 /* TwitterCore.framework */; };
		40EE59FC1D4ADE0200D63D32 /* AccessViewController.swift in Sources */ = {isa = PBXBuildFile; fileRef = 40EE59FB1D4ADE0200D63D32 /* AccessViewController.swift */; };
		40EE59FE1D4ADEDD00D63D32 /* AvatarViewController.swift in Sources */ = {isa = PBXBuildFile; fileRef = 40EE59FD1D4ADEDD00D63D32 /* AvatarViewController.swift */; };
		40EE5A001D4AE11D00D63D32 /* Utils.swift in Sources */ = {isa = PBXBuildFile; fileRef = 40EE59FF1D4AE11D00D63D32 /* Utils.swift */; };
		69AB725E1D4AF66C00CD0BF4 /* User.swift in Sources */ = {isa = PBXBuildFile; fileRef = 69AB725D1D4AF66C00CD0BF4 /* User.swift */; };
		69AB72631D4B167C00CD0BF4 /* LocationViewController.swift in Sources */ = {isa = PBXBuildFile; fileRef = 69AB72621D4B167C00CD0BF4 /* LocationViewController.swift */; };
		69AB72651D4B20D700CD0BF4 /* AVFoundation.framework in Frameworks */ = {isa = PBXBuildFile; fileRef = 69AB72641D4B20D700CD0BF4 /* AVFoundation.framework */; };
		69AB72671D4B33F600CD0BF4 /* EndViewController.swift in Sources */ = {isa = PBXBuildFile; fileRef = 69AB72661D4B33F600CD0BF4 /* EndViewController.swift */; };
		7D924BD04ABBDB5482870103 /* Pods_Test.framework in Frameworks */ = {isa = PBXBuildFile; fileRef = 25C2A59FF8B039738EC45089 /* Pods_Test.framework */; };
/* End PBXBuildFile section */

/* Begin PBXContainerItemProxy section */
		40EE59DA1D4AD86A00D63D32 /* PBXContainerItemProxy */ = {
			isa = PBXContainerItemProxy;
			containerPortal = 40EE59BA1D4AD86A00D63D32 /* Project object */;
			proxyType = 1;
			remoteGlobalIDString = 40EE59C11D4AD86A00D63D32;
			remoteInfo = Test;
		};
/* End PBXContainerItemProxy section */

/* Begin PBXFileReference section */
		1D8571092BFE100905D35357 /* Pods-Test.release.xcconfig */ = {isa = PBXFileReference; includeInIndex = 1; lastKnownFileType = text.xcconfig; name = "Pods-Test.release.xcconfig"; path = "Pods/Target Support Files/Pods-Test/Pods-Test.release.xcconfig"; sourceTree = "<group>"; };
		25C2A59FF8B039738EC45089 /* Pods_Test.framework */ = {isa = PBXFileReference; explicitFileType = wrapper.framework; includeInIndex = 0; path = Pods_Test.framework; sourceTree = BUILT_PRODUCTS_DIR; };
		40EE59C21D4AD86A00D63D32 /* Test.app */ = {isa = PBXFileReference; explicitFileType = wrapper.application; includeInIndex = 0; path = Test.app; sourceTree = BUILT_PRODUCTS_DIR; };
		40EE59C51D4AD86A00D63D32 /* AppDelegate.swift */ = {isa = PBXFileReference; lastKnownFileType = sourcecode.swift; path = AppDelegate.swift; sourceTree = "<group>"; };
		40EE59CD1D4AD86A00D63D32 /* Test.xcdatamodel */ = {isa = PBXFileReference; lastKnownFileType = wrapper.xcdatamodel; path = Test.xcdatamodel; sourceTree = "<group>"; };
		40EE59CF1D4AD86A00D63D32 /* Assets.xcassets */ = {isa = PBXFileReference; lastKnownFileType = folder.assetcatalog; path = Assets.xcassets; sourceTree = "<group>"; };
		40EE59D21D4AD86A00D63D32 /* Base */ = {isa = PBXFileReference; lastKnownFileType = file.storyboard; name = Base; path = Base.lproj/LaunchScreen.storyboard; sourceTree = "<group>"; };
		40EE59D41D4AD86A00D63D32 /* Info.plist */ = {isa = PBXFileReference; lastKnownFileType = text.plist.xml; path = Info.plist; sourceTree = "<group>"; };
		40EE59D91D4AD86A00D63D32 /* TestTests.xctest */ = {isa = PBXFileReference; explicitFileType = wrapper.cfbundle; includeInIndex = 0; path = TestTests.xctest; sourceTree = BUILT_PRODUCTS_DIR; };
		40EE59DD1D4AD86A00D63D32 /* TestTests.swift */ = {isa = PBXFileReference; lastKnownFileType = sourcecode.swift; path = TestTests.swift; sourceTree = "<group>"; };
		40EE59DF1D4AD86A00D63D32 /* Info.plist */ = {isa = PBXFileReference; lastKnownFileType = text.plist.xml; path = Info.plist; sourceTree = "<group>"; };
		40EE59ED1D4AD9A900D63D32 /* Fabric.framework */ = {isa = PBXFileReference; lastKnownFileType = wrapper.framework; path = Fabric.framework; sourceTree = "<group>"; };
		40EE59EE1D4AD9A900D63D32 /* Crashlytics.framework */ = {isa = PBXFileReference; lastKnownFileType = wrapper.framework; path = Crashlytics.framework; sourceTree = "<group>"; };
		40EE59F51D4ADD4D00D63D32 /* TwitterKit.framework */ = {isa = PBXFileReference; lastKnownFileType = wrapper.framework; path = TwitterKit.framework; sourceTree = "<group>"; };
		40EE59F61D4ADD4D00D63D32 /* TwitterKitResources.bundle */ = {isa = PBXFileReference; lastKnownFileType = "wrapper.plug-in"; name = TwitterKitResources.bundle; path = TwitterKit.framework/Versions/A/Resources/TwitterKitResources.bundle; sourceTree = "<group>"; };
		40EE59F71D4ADD4D00D63D32 /* TwitterCore.framework */ = {isa = PBXFileReference; lastKnownFileType = wrapper.framework; path = TwitterCore.framework; sourceTree = "<group>"; };
		40EE59FB1D4ADE0200D63D32 /* AccessViewController.swift */ = {isa = PBXFileReference; fileEncoding = 4; lastKnownFileType = sourcecode.swift; path = AccessViewController.swift; sourceTree = "<group>"; };
		40EE59FD1D4ADEDD00D63D32 /* AvatarViewController.swift */ = {isa = PBXFileReference; fileEncoding = 4; lastKnownFileType = sourcecode.swift; path = AvatarViewController.swift; sourceTree = "<group>"; };
		40EE59FF1D4AE11D00D63D32 /* Utils.swift */ = {isa = PBXFileReference; fileEncoding = 4; lastKnownFileType = sourcecode.swift; path = Utils.swift; sourceTree = "<group>"; };
		4575DFCFA2A9DE6312EC593B /* Pods_TestTests.framework */ = {isa = PBXFileReference; explicitFileType = wrapper.framework; includeInIndex = 0; path = Pods_TestTests.framework; sourceTree = BUILT_PRODUCTS_DIR; };
		5D071C325AF2ECD273A90CD1 /* Pods-TestTests.release.xcconfig */ = {isa = PBXFileReference; includeInIndex = 1; lastKnownFileType = text.xcconfig; name = "Pods-TestTests.release.xcconfig"; path = "Pods/Target Support Files/Pods-TestTests/Pods-TestTests.release.xcconfig"; sourceTree = "<group>"; };
		69AB725D1D4AF66C00CD0BF4 /* User.swift */ = {isa = PBXFileReference; fileEncoding = 4; lastKnownFileType = sourcecode.swift; path = User.swift; sourceTree = "<group>"; };
		69AB725F1D4B0ADF00CD0BF4 /* pt-BR */ = {isa = PBXFileReference; lastKnownFileType = text.plist.strings; name = "pt-BR"; path = "pt-BR.lproj/LaunchScreen.strings"; sourceTree = "<group>"; };
		69AB72611D4B0D6000CD0BF4 /* pt-BR */ = {isa = PBXFileReference; lastKnownFileType = file.storyboard; name = "pt-BR"; path = "pt-BR.lproj/Main.storyboard"; sourceTree = "<group>"; };
		69AB72621D4B167C00CD0BF4 /* LocationViewController.swift */ = {isa = PBXFileReference; fileEncoding = 4; lastKnownFileType = sourcecode.swift; path = LocationViewController.swift; sourceTree = "<group>"; };
		69AB72641D4B20D700CD0BF4 /* AVFoundation.framework */ = {isa = PBXFileReference; lastKnownFileType = wrapper.framework; name = AVFoundation.framework; path = System/Library/Frameworks/AVFoundation.framework; sourceTree = SDKROOT; };
		69AB72661D4B33F600CD0BF4 /* EndViewController.swift */ = {isa = PBXFileReference; fileEncoding = 4; lastKnownFileType = sourcecode.swift; path = EndViewController.swift; sourceTree = "<group>"; };
		7CE3DEF5A29F0EE1E9CC42D7 /* Pods-TestTests.debug.xcconfig */ = {isa = PBXFileReference; includeInIndex = 1; lastKnownFileType = text.xcconfig; name = "Pods-TestTests.debug.xcconfig"; path = "Pods/Target Support Files/Pods-TestTests/Pods-TestTests.debug.xcconfig"; sourceTree = "<group>"; };
		F648A056260DC59E2DF04682 /* Pods-Test.debug.xcconfig */ = {isa = PBXFileReference; includeInIndex = 1; lastKnownFileType = text.xcconfig; name = "Pods-Test.debug.xcconfig"; path = "Pods/Target Support Files/Pods-Test/Pods-Test.debug.xcconfig"; sourceTree = "<group>"; };
/* End PBXFileReference section */

/* Begin PBXFrameworksBuildPhase section */
		40EE59BF1D4AD86A00D63D32 /* Frameworks */ = {
			isa = PBXFrameworksBuildPhase;
			buildActionMask = 2147483647;
			files = (
				69AB72651D4B20D700CD0BF4 /* AVFoundation.framework in Frameworks */,
				40EE59FA1D4ADD4D00D63D32 /* TwitterCore.framework in Frameworks */,
				7D924BD04ABBDB5482870103 /* Pods_Test.framework in Frameworks */,
				40EE59F01D4AD9A900D63D32 /* Crashlytics.framework in Frameworks */,
				40EE59EF1D4AD9A900D63D32 /* Fabric.framework in Frameworks */,
				40EE59F81D4ADD4D00D63D32 /* TwitterKit.framework in Frameworks */,
			);
			runOnlyForDeploymentPostprocessing = 0;
		};
		40EE59D61D4AD86A00D63D32 /* Frameworks */ = {
			isa = PBXFrameworksBuildPhase;
			buildActionMask = 2147483647;
			files = (
				3B9F5EF3218D7ECA87BE011F /* Pods_TestTests.framework in Frameworks */,
			);
			runOnlyForDeploymentPostprocessing = 0;
		};
/* End PBXFrameworksBuildPhase section */

/* Begin PBXGroup section */
		40EE59B91D4AD86A00D63D32 = {
			isa = PBXGroup;
			children = (
				40EE59EC1D4AD98700D63D32 /* FabricSDK */,
				40EE59C41D4AD86A00D63D32 /* Test */,
				40EE59DC1D4AD86A00D63D32 /* TestTests */,
				40EE59C31D4AD86A00D63D32 /* Products */,
				809BC4FF5EBA09E82623E004 /* Pods */,
				BD0F82C891E86D96B0EC5A04 /* Frameworks */,
			);
			sourceTree = "<group>";
		};
		40EE59C31D4AD86A00D63D32 /* Products */ = {
			isa = PBXGroup;
			children = (
				40EE59C21D4AD86A00D63D32 /* Test.app */,
				40EE59D91D4AD86A00D63D32 /* TestTests.xctest */,
			);
			name = Products;
			sourceTree = "<group>";
		};
		40EE59C41D4AD86A00D63D32 /* Test */ = {
			isa = PBXGroup;
			children = (
				40EE59FF1D4AE11D00D63D32 /* Utils.swift */,
				40EE59C51D4AD86A00D63D32 /* AppDelegate.swift */,
				40EE59F41D4ADA0300D63D32 /* DB */,
				40EE59F31D4AD9DE00D63D32 /* Settings */,
				40EE59F21D4AD9D200D63D32 /* Assets */,
				40EE59F11D4AD9BE00D63D32 /* Storyboard */,
				40EE59EA1D4AD8D400D63D32 /* Model */,
				40EE59E91D4AD8CC00D63D32 /* View */,
				40EE59E81D4AD89900D63D32 /* Controller */,
			);
			path = Test;
			sourceTree = "<group>";
		};
		40EE59DC1D4AD86A00D63D32 /* TestTests */ = {
			isa = PBXGroup;
			children = (
				40EE59DD1D4AD86A00D63D32 /* TestTests.swift */,
				40EE59DF1D4AD86A00D63D32 /* Info.plist */,
			);
			path = TestTests;
			sourceTree = "<group>";
		};
		40EE59E81D4AD89900D63D32 /* Controller */ = {
			isa = PBXGroup;
			children = (
				40EE59FB1D4ADE0200D63D32 /* AccessViewController.swift */,
				40EE59FD1D4ADEDD00D63D32 /* AvatarViewController.swift */,
				69AB72621D4B167C00CD0BF4 /* LocationViewController.swift */,
				69AB72661D4B33F600CD0BF4 /* EndViewController.swift */,
			);
			name = Controller;
			sourceTree = "<group>";
		};
		40EE59E91D4AD8CC00D63D32 /* View */ = {
			isa = PBXGroup;
			children = (
			);
			name = View;
			sourceTree = "<group>";
		};
		40EE59EA1D4AD8D400D63D32 /* Model */ = {
			isa = PBXGroup;
			children = (
				69AB725D1D4AF66C00CD0BF4 /* User.swift */,
			);
			name = Model;
			sourceTree = "<group>";
		};
		40EE59EC1D4AD98700D63D32 /* FabricSDK */ = {
			isa = PBXGroup;
			children = (
				40EE59F51D4ADD4D00D63D32 /* TwitterKit.framework */,
				40EE59F61D4ADD4D00D63D32 /* TwitterKitResources.bundle */,
				40EE59F71D4ADD4D00D63D32 /* TwitterCore.framework */,
				40EE59ED1D4AD9A900D63D32 /* Fabric.framework */,
				40EE59EE1D4AD9A900D63D32 /* Crashlytics.framework */,
			);
			name = FabricSDK;
			sourceTree = "<group>";
		};
		40EE59F11D4AD9BE00D63D32 /* Storyboard */ = {
			isa = PBXGroup;
			children = (
				40EE59D11D4AD86A00D63D32 /* LaunchScreen.storyboard */,
				40EE59C91D4AD86A00D63D32 /* Main.storyboard */,
			);
			name = Storyboard;
			sourceTree = "<group>";
		};
		40EE59F21D4AD9D200D63D32 /* Assets */ = {
			isa = PBXGroup;
			children = (
				40EE59CF1D4AD86A00D63D32 /* Assets.xcassets */,
			);
			name = Assets;
			sourceTree = "<group>";
		};
		40EE59F31D4AD9DE00D63D32 /* Settings */ = {
			isa = PBXGroup;
			children = (
				40EE59D41D4AD86A00D63D32 /* Info.plist */,
			);
			name = Settings;
			sourceTree = "<group>";
		};
		40EE59F41D4ADA0300D63D32 /* DB */ = {
			isa = PBXGroup;
			children = (
				40EE59CC1D4AD86A00D63D32 /* Test.xcdatamodeld */,
			);
			name = DB;
			sourceTree = "<group>";
		};
		809BC4FF5EBA09E82623E004 /* Pods */ = {
			isa = PBXGroup;
			children = (
				F648A056260DC59E2DF04682 /* Pods-Test.debug.xcconfig */,
				1D8571092BFE100905D35357 /* Pods-Test.release.xcconfig */,
				7CE3DEF5A29F0EE1E9CC42D7 /* Pods-TestTests.debug.xcconfig */,
				5D071C325AF2ECD273A90CD1 /* Pods-TestTests.release.xcconfig */,
			);
			name = Pods;
			sourceTree = "<group>";
		};
		BD0F82C891E86D96B0EC5A04 /* Frameworks */ = {
			isa = PBXGroup;
			children = (
				69AB72641D4B20D700CD0BF4 /* AVFoundation.framework */,
				25C2A59FF8B039738EC45089 /* Pods_Test.framework */,
				4575DFCFA2A9DE6312EC593B /* Pods_TestTests.framework */,
			);
			name = Frameworks;
			sourceTree = "<group>";
		};
/* End PBXGroup section */

/* Begin PBXNativeTarget section */
		40EE59C11D4AD86A00D63D32 /* Test */ = {
			isa = PBXNativeTarget;
			buildConfigurationList = 40EE59E21D4AD86B00D63D32 /* Build configuration list for PBXNativeTarget "Test" */;
			buildPhases = (
				E29DCC71708FC37D916BE690 /* [CP] Check Pods Manifest.lock */,
				40EE59BE1D4AD86A00D63D32 /* Sources */,
				40EE59BF1D4AD86A00D63D32 /* Frameworks */,
				40EE59C01D4AD86A00D63D32 /* Resources */,
				A5E58E87629AD202DDB8C00C /* [CP] Embed Pods Frameworks */,
				D9B387C3D428B53DAFD9F754 /* [CP] Copy Pods Resources */,
				40EE59EB1D4AD96700D63D32 /* ShellScript */,
			);
			buildRules = (
			);
			dependencies = (
			);
			name = Test;
			productName = Test;
			productReference = 40EE59C21D4AD86A00D63D32 /* Test.app */;
			productType = "com.apple.product-type.application";
		};
		40EE59D81D4AD86A00D63D32 /* TestTests */ = {
			isa = PBXNativeTarget;
			buildConfigurationList = 40EE59E51D4AD86B00D63D32 /* Build configuration list for PBXNativeTarget "TestTests" */;
			buildPhases = (
				5518DBC68F61006FB9087117 /* [CP] Check Pods Manifest.lock */,
				40EE59D51D4AD86A00D63D32 /* Sources */,
				40EE59D61D4AD86A00D63D32 /* Frameworks */,
				40EE59D71D4AD86A00D63D32 /* Resources */,
				9125EFB7AD26DEDF6E00CC45 /* [CP] Embed Pods Frameworks */,
				5433D7A18E9B6C6C6EAE7E6C /* [CP] Copy Pods Resources */,
			);
			buildRules = (
			);
			dependencies = (
				40EE59DB1D4AD86A00D63D32 /* PBXTargetDependency */,
			);
			name = TestTests;
			productName = TestTests;
			productReference = 40EE59D91D4AD86A00D63D32 /* TestTests.xctest */;
			productType = "com.apple.product-type.bundle.unit-test";
		};
/* End PBXNativeTarget section */

/* Begin PBXProject section */
		40EE59BA1D4AD86A00D63D32 /* Project object */ = {
			isa = PBXProject;
			attributes = {
				LastSwiftUpdateCheck = 0730;
				LastUpgradeCheck = 0730;
				ORGANIZATIONNAME = RJR;
				TargetAttributes = {
					40EE59C11D4AD86A00D63D32 = {
						CreatedOnToolsVersion = 7.3.1;
						DevelopmentTeam = KRXY7Q4555;
					};
					40EE59D81D4AD86A00D63D32 = {
						CreatedOnToolsVersion = 7.3.1;
						TestTargetID = 40EE59C11D4AD86A00D63D32;
					};
				};
			};
			buildConfigurationList = 40EE59BD1D4AD86A00D63D32 /* Build configuration list for PBXProject "Test" */;
			compatibilityVersion = "Xcode 3.2";
			developmentRegion = English;
			hasScannedForEncodings = 0;
			knownRegions = (
				Base,
			);
			mainGroup = 40EE59B91D4AD86A00D63D32;
			productRefGroup = 40EE59C31D4AD86A00D63D32 /* Products */;
			projectDirPath = "";
			projectRoot = "";
			targets = (
				40EE59C11D4AD86A00D63D32 /* Test */,
				40EE59D81D4AD86A00D63D32 /* TestTests */,
			);
		};
/* End PBXProject section */

/* Begin PBXResourcesBuildPhase section */
		40EE59C01D4AD86A00D63D32 /* Resources */ = {
			isa = PBXResourcesBuildPhase;
			buildActionMask = 2147483647;
			files = (
				40EE59F91D4ADD4D00D63D32 /* TwitterKitResources.bundle in Resources */,
				40EE59D31D4AD86A00D63D32 /* LaunchScreen.storyboard in Resources */,
				40EE59D01D4AD86A00D63D32 /* Assets.xcassets in Resources */,
				40EE59CB1D4AD86A00D63D32 /* Main.storyboard in Resources */,
			);
			runOnlyForDeploymentPostprocessing = 0;
		};
		40EE59D71D4AD86A00D63D32 /* Resources */ = {
			isa = PBXResourcesBuildPhase;
			buildActionMask = 2147483647;
			files = (
			);
			runOnlyForDeploymentPostprocessing = 0;
		};
/* End PBXResourcesBuildPhase section */

/* Begin PBXShellScriptBuildPhase section */
		40EE59EB1D4AD96700D63D32 /* ShellScript */ = {
			isa = PBXShellScriptBuildPhase;
			buildActionMask = 2147483647;
			files = (
			);
			inputPaths = (
			);
			outputPaths = (
			);
			runOnlyForDeploymentPostprocessing = 0;
			shellPath = /bin/sh;
			shellScript = "./Fabric.framework/run ac320a761a50d6e20297c15e5458088c4de356b5 be88d7dfcb05d31ad32b8bbac0b82d6cb4839fba8b12f5fd016ec0899dda4106";
		};
		5433D7A18E9B6C6C6EAE7E6C /* [CP] Copy Pods Resources */ = {
			isa = PBXShellScriptBuildPhase;
			buildActionMask = 2147483647;
			files = (
			);
			inputPaths = (
			);
			name = "[CP] Copy Pods Resources";
			outputPaths = (
			);
			runOnlyForDeploymentPostprocessing = 0;
			shellPath = /bin/sh;
			shellScript = "\"${SRCROOT}/Pods/Target Support Files/Pods-TestTests/Pods-TestTests-resources.sh\"\n";
			showEnvVarsInLog = 0;
		};
		5518DBC68F61006FB9087117 /* [CP] Check Pods Manifest.lock */ = {
			isa = PBXShellScriptBuildPhase;
			buildActionMask = 2147483647;
			files = (
			);
			inputPaths = (
			);
			name = "[CP] Check Pods Manifest.lock";
			outputPaths = (
			);
			runOnlyForDeploymentPostprocessing = 0;
			shellPath = /bin/sh;
			shellScript = "diff \"${PODS_ROOT}/../Podfile.lock\" \"${PODS_ROOT}/Manifest.lock\" > /dev/null\nif [[ $? != 0 ]] ; then\n    cat << EOM\nerror: The sandbox is not in sync with the Podfile.lock. Run 'pod install' or update your CocoaPods installation.\nEOM\n    exit 1\nfi\n";
			showEnvVarsInLog = 0;
		};
		9125EFB7AD26DEDF6E00CC45 /* [CP] Embed Pods Frameworks */ = {
			isa = PBXShellScriptBuildPhase;
			buildActionMask = 2147483647;
			files = (
			);
			inputPaths = (
			);
			name = "[CP] Embed Pods Frameworks";
			outputPaths = (
			);
			runOnlyForDeploymentPostprocessing = 0;
			shellPath = /bin/sh;
			shellScript = "\"${SRCROOT}/Pods/Target Support Files/Pods-TestTests/Pods-TestTests-frameworks.sh\"\n";
			showEnvVarsInLog = 0;
		};
		A5E58E87629AD202DDB8C00C /* [CP] Embed Pods Frameworks */ = {
			isa = PBXShellScriptBuildPhase;
			buildActionMask = 2147483647;
			files = (
			);
			inputPaths = (
			);
			name = "[CP] Embed Pods Frameworks";
			outputPaths = (
			);
			runOnlyForDeploymentPostprocessing = 0;
			shellPath = /bin/sh;
			shellScript = "\"${SRCROOT}/Pods/Target Support Files/Pods-Test/Pods-Test-frameworks.sh\"\n";
			showEnvVarsInLog = 0;
		};
		D9B387C3D428B53DAFD9F754 /* [CP] Copy Pods Resources */ = {
			isa = PBXShellScriptBuildPhase;
			buildActionMask = 2147483647;
			files = (
			);
			inputPaths = (
			);
			name = "[CP] Copy Pods Resources";
			outputPaths = (
			);
			runOnlyForDeploymentPostprocessing = 0;
			shellPath = /bin/sh;
			shellScript = "\"${SRCROOT}/Pods/Target Support Files/Pods-Test/Pods-Test-resources.sh\"\n";
			showEnvVarsInLog = 0;
		};
		E29DCC71708FC37D916BE690 /* [CP] Check Pods Manifest.lock */ = {
			isa = PBXShellScriptBuildPhase;
			buildActionMask = 2147483647;
			files = (
			);
			inputPaths = (
			);
			name = "[CP] Check Pods Manifest.lock";
			outputPaths = (
			);
			runOnlyForDeploymentPostprocessing = 0;
			shellPath = /bin/sh;
			shellScript = "diff \"${PODS_ROOT}/../Podfile.lock\" \"${PODS_ROOT}/Manifest.lock\" > /dev/null\nif [[ $? != 0 ]] ; then\n    cat << EOM\nerror: The sandbox is not in sync with the Podfile.lock. Run 'pod install' or update your CocoaPods installation.\nEOM\n    exit 1\nfi\n";
			showEnvVarsInLog = 0;
		};
/* End PBXShellScriptBuildPhase section */

/* Begin PBXSourcesBuildPhase section */
		40EE59BE1D4AD86A00D63D32 /* Sources */ = {
			isa = PBXSourcesBuildPhase;
			buildActionMask = 2147483647;
			files = (
				69AB72671D4B33F600CD0BF4 /* EndViewController.swift in Sources */,
				40EE5A001D4AE11D00D63D32 /* Utils.swift in Sources */,
				40EE59FC1D4ADE0200D63D32 /* AccessViewController.swift in Sources */,
				69AB725E1D4AF66C00CD0BF4 /* User.swift in Sources */,
				40EE59C61D4AD86A00D63D32 /* AppDelegate.swift in Sources */,
				40EE59CE1D4AD86A00D63D32 /* Test.xcdatamodeld in Sources */,
				40EE59FE1D4ADEDD00D63D32 /* AvatarViewController.swift in Sources */,
				69AB72631D4B167C00CD0BF4 /* LocationViewController.swift in Sources */,
			);
			runOnlyForDeploymentPostprocessing = 0;
		};
		40EE59D51D4AD86A00D63D32 /* Sources */ = {
			isa = PBXSourcesBuildPhase;
			buildActionMask = 2147483647;
			files = (
				40EE59DE1D4AD86A00D63D32 /* TestTests.swift in Sources */,
			);
			runOnlyForDeploymentPostprocessing = 0;
		};
/* End PBXSourcesBuildPhase section */

/* Begin PBXTargetDependency section */
		40EE59DB1D4AD86A00D63D32 /* PBXTargetDependency */ = {
			isa = PBXTargetDependency;
			target = 40EE59C11D4AD86A00D63D32 /* Test */;
			targetProxy = 40EE59DA1D4AD86A00D63D32 /* PBXContainerItemProxy */;
		};
/* End PBXTargetDependency section */

/* Begin PBXVariantGroup section */
		40EE59C91D4AD86A00D63D32 /* Main.storyboard */ = {
			isa = PBXVariantGroup;
			children = (
				69AB72611D4B0D6000CD0BF4 /* pt-BR */,
			);
			name = Main.storyboard;
			sourceTree = "<group>";
		};
		40EE59D11D4AD86A00D63D32 /* LaunchScreen.storyboard */ = {
			isa = PBXVariantGroup;
			children = (
				40EE59D21D4AD86A00D63D32 /* Base */,
				69AB725F1D4B0ADF00CD0BF4 /* pt-BR */,
			);
			name = LaunchScreen.storyboard;
			sourceTree = "<group>";
		};
/* End PBXVariantGroup section */

/* Begin XCBuildConfiguration section */
		40EE59E01D4AD86A00D63D32 /* Debug */ = {
			isa = XCBuildConfiguration;
			buildSettings = {
				ALWAYS_SEARCH_USER_PATHS = NO;
				CLANG_ANALYZER_NONNULL = YES;
				CLANG_CXX_LANGUAGE_STANDARD = "gnu++0x";
				CLANG_CXX_LIBRARY = "libc++";
				CLANG_ENABLE_MODULES = YES;
				CLANG_ENABLE_OBJC_ARC = YES;
				CLANG_WARN_BOOL_CONVERSION = YES;
				CLANG_WARN_CONSTANT_CONVERSION = YES;
				CLANG_WARN_DIRECT_OBJC_ISA_USAGE = YES_ERROR;
				CLANG_WARN_EMPTY_BODY = YES;
				CLANG_WARN_ENUM_CONVERSION = YES;
				CLANG_WARN_INT_CONVERSION = YES;
				CLANG_WARN_OBJC_ROOT_CLASS = YES_ERROR;
				CLANG_WARN_UNREACHABLE_CODE = YES;
				CLANG_WARN__DUPLICATE_METHOD_MATCH = YES;
				"CODE_SIGN_IDENTITY[sdk=iphoneos*]" = "iPhone Developer";
				COPY_PHASE_STRIP = NO;
				DEBUG_INFORMATION_FORMAT = dwarf;
				ENABLE_STRICT_OBJC_MSGSEND = YES;
				ENABLE_TESTABILITY = YES;
				GCC_C_LANGUAGE_STANDARD = gnu99;
				GCC_DYNAMIC_NO_PIC = NO;
				GCC_NO_COMMON_BLOCKS = YES;
				GCC_OPTIMIZATION_LEVEL = 0;
				GCC_PREPROCESSOR_DEFINITIONS = (
					"DEBUG=1",
					"$(inherited)",
				);
				GCC_WARN_64_TO_32_BIT_CONVERSION = YES;
				GCC_WARN_ABOUT_RETURN_TYPE = YES_ERROR;
				GCC_WARN_UNDECLARED_SELECTOR = YES;
				GCC_WARN_UNINITIALIZED_AUTOS = YES_AGGRESSIVE;
				GCC_WARN_UNUSED_FUNCTION = YES;
				GCC_WARN_UNUSED_VARIABLE = YES;
				IPHONEOS_DEPLOYMENT_TARGET = 9.3;
				MTL_ENABLE_DEBUG_INFO = YES;
				ONLY_ACTIVE_ARCH = YES;
				SDKROOT = iphoneos;
				SWIFT_OPTIMIZATION_LEVEL = "-Onone";
			};
			name = Debug;
		};
		40EE59E11D4AD86A00D63D32 /* Release */ = {
			isa = XCBuildConfiguration;
			buildSettings = {
				ALWAYS_SEARCH_USER_PATHS = NO;
				CLANG_ANALYZER_NONNULL = YES;
				CLANG_CXX_LANGUAGE_STANDARD = "gnu++0x";
				CLANG_CXX_LIBRARY = "libc++";
				CLANG_ENABLE_MODULES = YES;
				CLANG_ENABLE_OBJC_ARC = YES;
				CLANG_WARN_BOOL_CONVERSION = YES;
				CLANG_WARN_CONSTANT_CONVERSION = YES;
				CLANG_WARN_DIRECT_OBJC_ISA_USAGE = YES_ERROR;
				CLANG_WARN_EMPTY_BODY = YES;
				CLANG_WARN_ENUM_CONVERSION = YES;
				CLANG_WARN_INT_CONVERSION = YES;
				CLANG_WARN_OBJC_ROOT_CLASS = YES_ERROR;
				CLANG_WARN_UNREACHABLE_CODE = YES;
				CLANG_WARN__DUPLICATE_METHOD_MATCH = YES;
				"CODE_SIGN_IDENTITY[sdk=iphoneos*]" = "iPhone Developer";
				COPY_PHASE_STRIP = NO;
				DEBUG_INFORMATION_FORMAT = "dwarf-with-dsym";
				ENABLE_NS_ASSERTIONS = NO;
				ENABLE_STRICT_OBJC_MSGSEND = YES;
				GCC_C_LANGUAGE_STANDARD = gnu99;
				GCC_NO_COMMON_BLOCKS = YES;
				GCC_WARN_64_TO_32_BIT_CONVERSION = YES;
				GCC_WARN_ABOUT_RETURN_TYPE = YES_ERROR;
				GCC_WARN_UNDECLARED_SELECTOR = YES;
				GCC_WARN_UNINITIALIZED_AUTOS = YES_AGGRESSIVE;
				GCC_WARN_UNUSED_FUNCTION = YES;
				GCC_WARN_UNUSED_VARIABLE = YES;
				IPHONEOS_DEPLOYMENT_TARGET = 9.3;
				MTL_ENABLE_DEBUG_INFO = NO;
				SDKROOT = iphoneos;
				VALIDATE_PRODUCT = YES;
			};
			name = Release;
		};
		40EE59E31D4AD86B00D63D32 /* Debug */ = {
			isa = XCBuildConfiguration;
			baseConfigurationReference = F648A056260DC59E2DF04682 /* Pods-Test.debug.xcconfig */;
			buildSettings = {
				ASSETCATALOG_COMPILER_APPICON_NAME = AppIcon;
				CODE_SIGN_IDENTITY = "iPhone Developer";
				"CODE_SIGN_IDENTITY[sdk=iphoneos*]" = "iPhone Developer";
				FRAMEWORK_SEARCH_PATHS = (
					"$(inherited)",
					"$(PROJECT_DIR)",
				);
				INFOPLIST_FILE = Test/Info.plist;
				LD_RUNPATH_SEARCH_PATHS = "$(inherited) @executable_path/Frameworks";
				PRODUCT_BUNDLE_IDENTIFIER = com.br.Test;
				PRODUCT_NAME = "$(TARGET_NAME)";
				PROVISIONING_PROFILE = "";
			};
			name = Debug;
		};
		40EE59E41D4AD86B00D63D32 /* Release */ = {
			isa = XCBuildConfiguration;
			baseConfigurationReference = 1D8571092BFE100905D35357 /* Pods-Test.release.xcconfig */;
			buildSettings = {
				ASSETCATALOG_COMPILER_APPICON_NAME = AppIcon;
				CODE_SIGN_IDENTITY = "iPhone Developer";
				"CODE_SIGN_IDENTITY[sdk=iphoneos*]" = "iPhone Developer";
				FRAMEWORK_SEARCH_PATHS = (
					"$(inherited)",
					"$(PROJECT_DIR)",
				);
				INFOPLIST_FILE = Test/Info.plist;
				LD_RUNPATH_SEARCH_PATHS = "$(inherited) @executable_path/Frameworks";
				PRODUCT_BUNDLE_IDENTIFIER = com.br.Test;
				PRODUCT_NAME = "$(TARGET_NAME)";
				PROVISIONING_PROFILE = "";
			};
			name = Release;
		};
		40EE59E61D4AD86B00D63D32 /* Debug */ = {
			isa = XCBuildConfiguration;
			baseConfigurationReference = 7CE3DEF5A29F0EE1E9CC42D7 /* Pods-TestTests.debug.xcconfig */;
			buildSettings = {
				BUNDLE_LOADER = "$(TEST_HOST)";
				INFOPLIST_FILE = TestTests/Info.plist;
				LD_RUNPATH_SEARCH_PATHS = "$(inherited) @executable_path/Frameworks @loader_path/Frameworks";
				PRODUCT_BUNDLE_IDENTIFIER = com.br.TestTests;
				PRODUCT_NAME = "$(TARGET_NAME)";
				TEST_HOST = "$(BUILT_PRODUCTS_DIR)/Test.app/Test";
			};
			name = Debug;
		};
		40EE59E71D4AD86B00D63D32 /* Release */ = {
			isa = XCBuildConfiguration;
			baseConfigurationReference = 5D071C325AF2ECD273A90CD1 /* Pods-TestTests.release.xcconfig */;
			buildSettings = {
				BUNDLE_LOADER = "$(TEST_HOST)";
				INFOPLIST_FILE = TestTests/Info.plist;
				LD_RUNPATH_SEARCH_PATHS = "$(inherited) @executable_path/Frameworks @loader_path/Frameworks";
				PRODUCT_BUNDLE_IDENTIFIER = com.br.TestTests;
				PRODUCT_NAME = "$(TARGET_NAME)";
				TEST_HOST = "$(BUILT_PRODUCTS_DIR)/Test.app/Test";
			};
			name = Release;
		};
/* End XCBuildConfiguration section */

/* Begin XCConfigurationList section */
		40EE59BD1D4AD86A00D63D32 /* Build configuration list for PBXProject "Test" */ = {
			isa = XCConfigurationList;
			buildConfigurations = (
				40EE59E01D4AD86A00D63D32 /* Debug */,
				40EE59E11D4AD86A00D63D32 /* Release */,
			);
			defaultConfigurationIsVisible = 0;
			defaultConfigurationName = Release;
		};
		40EE59E21D4AD86B00D63D32 /* Build configuration list for PBXNativeTarget "Test" */ = {
			isa = XCConfigurationList;
			buildConfigurations = (
				40EE59E31D4AD86B00D63D32 /* Debug */,
				40EE59E41D4AD86B00D63D32 /* Release */,
			);
			defaultConfigurationIsVisible = 0;
			defaultConfigurationName = Release;
		};
		40EE59E51D4AD86B00D63D32 /* Build configuration list for PBXNativeTarget "TestTests" */ = {
			isa = XCConfigurationList;
			buildConfigurations = (
				40EE59E61D4AD86B00D63D32 /* Debug */,
				40EE59E71D4AD86B00D63D32 /* Release */,
			);
			defaultConfigurationIsVisible = 0;
			defaultConfigurationName = Release;
		};
/* End XCConfigurationList section */

/* Begin XCVersionGroup section */
		40EE59CC1D4AD86A00D63D32 /* Test.xcdatamodeld */ = {
			isa = XCVersionGroup;
			children = (
				40EE59CD1D4AD86A00D63D32 /* Test.xcdatamodel */,
			);
			currentVersion = 40EE59CD1D4AD86A00D63D32 /* Test.xcdatamodel */;
			path = Test.xcdatamodeld;
			sourceTree = "<group>";
			versionGroupType = wrapper.xcdatamodel;
		};
/* End XCVersionGroup section */
	};
	rootObject = 40EE59BA1D4AD86A00D63D32 /* Project object */;
}
