PODS:
  - Alamofire (3.4.1)
  - IQKeyboardManager (4.0.4)

DEPENDENCIES:
  - Alamofire
  - IQKeyboardManager

SPEC CHECKSUMS:
  Alamofire: 01a82e2f6c0f860ade35534c8dd88be61bdef40c
  IQKeyboardManager: 4a6f83b540283c2645aaeba2bd8dc0f09b5c77f8

PODFILE CHECKSUM: b32358b0c6223fba2b7f7862d1ff7bdc07456275

COCOAPODS: 1.0.1
